
Microsoft Visual Studio Solution File, Format Version 12.00
# Visual Studio 2013
VisualStudioVersion = 12.0.31101.0
MinimumVisualStudioVersion = 10.0.40219.1
Project("{8BC9CEB8-8B4A-11D0-8D11-00A0C91BC942}") = "BraodcastReceiver", "BraodcastReceiver\BraodcastReceiver.vcxproj", "{85874EC0-B336-4DDA-AF98-A6A8B75857BA}"
EndProject
Global
	GlobalSection(SolutionConfigurationPlatforms) = preSolution
		Debug|Win32 = Debug|Win32
		Release|Win32 = Release|Win32
	EndGlobalSection
	GlobalSection(ProjectConfigurationPlatforms) = postSolution
		{85874EC0-B336-4DDA-AF98-A6A8B75857BA}.Debug|Win32.ActiveCfg = Debug|Win32
		{85874EC0-B336-4DDA-AF98-A6A8B75857BA}.Debug|Win32.Build.0 = Debug|Win32
		{85874EC0-B336-4DDA-AF98-A6A8B75857BA}.Release|Win32.ActiveCfg = Release|Win32
		{85874EC0-B336-4DDA-AF98-A6A8B75857BA}.Release|Win32.Build.0 = Release|Win32
	EndGlobalSection
	GlobalSection(SolutionProperties) = preSolution
		HideSolutionNode = FALSE
	EndGlobalSection
EndGlobal
